
Microsoft Visual Studio Solution File, Format Version 12.00
# Visual Studio Version 16
VisualStudioVersion = 16.0.34031.81
MinimumVisualStudioVersion = 10.0.40219.1
Project("{2150E333-8FDC-42A3-9474-1A3956D46DE8}") = "Task0", "Task0", "{683452DA-638B-4F30-A48D-301701782B7C}"
EndProject
Project("{FAE04EC0-301F-11D3-BF4B-00C04F79EFBC}") = "Tyuiu.GaleevTS.Sprint2.Task0.V30", "Tyuiu.GaleevTS.Sprint2.Task0.V30\Tyuiu.GaleevTS.Sprint2.Task0.V30.csproj", "{DFF12BA5-59B3-45BB-9952-BE66E96C1F3E}"
EndProject
Project("{FAE04EC0-301F-11D3-BF4B-00C04F79EFBC}") = "Tyuiu.GaleevTS.Sprint2.Task0.V30.Lib", "Tyuiu.GaleevTS.Sprint2.Task0.V30.Lib\Tyuiu.GaleevTS.Sprint2.Task0.V30.Lib.csproj", "{34BA3B6D-4685-4BAB-8538-6020041F679E}"
EndProject
Project("{FAE04EC0-301F-11D3-BF4B-00C04F79EFBC}") = "Tyuiu.GaleevTS.Sprint2.Task0.V30.Test", "Tyuiu.GaleevTS.Sprint2.Task0.V30.Test\Tyuiu.GaleevTS.Sprint2.Task0.V30.Test.csproj", "{7A5D670C-BC42-43AA-8CD1-BF1251E5DF67}"
EndProject
Project("{2150E333-8FDC-42A3-9474-1A3956D46DE8}") = "Task1", "Task1", "{7758D0FC-AF03-487E-B170-5BEA03408740}"
EndProject
Project("{FAE04EC0-301F-11D3-BF4B-00C04F79EFBC}") = "Tyuiu.GaleevTS.Sprint2.Task1.V13", "Tyuiu.GaleevTS.Sprint2.Task1.V13\Tyuiu.GaleevTS.Sprint2.Task1.V13.csproj", "{16B03031-F241-4FC3-8308-41744E62739B}"
EndProject
Project("{FAE04EC0-301F-11D3-BF4B-00C04F79EFBC}") = "Tyuiu.GaleevTS.Sprint2.Task1.V13.Lib", "Tyuiu.GaleevTS.Sprint2.Task1.V13.Lib\Tyuiu.GaleevTS.Sprint2.Task1.V13.Lib.csproj", "{F15A6179-EE96-40C8-BF0C-2DD96F1795EF}"
EndProject
Project("{FAE04EC0-301F-11D3-BF4B-00C04F79EFBC}") = "Tyuiu.GaleevTS.Sprint2.Task1.V13.Test", "Tyuiu.GaleevTS.Sprint2.Task1.V13.Test\Tyuiu.GaleevTS.Sprint2.Task1.V13.Test.csproj", "{E9BF9697-BD2A-4F4A-BC49-FD6AB72E05A2}"
EndProject
Project("{2150E333-8FDC-42A3-9474-1A3956D46DE8}") = "Task2", "Task2", "{F7E8533D-1B15-4844-A933-80D76C22512C}"
EndProject
Project("{FAE04EC0-301F-11D3-BF4B-00C04F79EFBC}") = "Tyuiu.GaleevTS.Sprint2.Task2.V4", "Tyuiu.GaleevTS.Sprint2.Task2.V4\Tyuiu.GaleevTS.Sprint2.Task2.V4.csproj", "{0B8A996F-3CB5-446B-8A50-A0472E518EE6}"
EndProject
Project("{FAE04EC0-301F-11D3-BF4B-00C04F79EFBC}") = "Tyuiu.GaleevTS.Sprint2.Task2.V4.Lib", "Tyuiu.GaleevTS.Sprint2.Task2.V4.Lib\Tyuiu.GaleevTS.Sprint2.Task2.V4.Lib.csproj", "{D4851950-12C3-4FB0-B0A2-413B092CAD17}"
EndProject
Project("{FAE04EC0-301F-11D3-BF4B-00C04F79EFBC}") = "Tyuiu.GaleevTS.Sprint2.Task2.V4.Test", "Tyuiu.GaleevTS.Sprint2.Task2.V4.Test\Tyuiu.GaleevTS.Sprint2.Task2.V4.Test.csproj", "{0C846BA6-1734-47E3-B201-78D30D46CDFB}"
EndProject
Project("{2150E333-8FDC-42A3-9474-1A3956D46DE8}") = "Task3", "Task3", "{3C7F695D-CE65-4FA0-9EB8-20BE3C74B821}"
EndProject
Project("{FAE04EC0-301F-11D3-BF4B-00C04F79EFBC}") = "Tyuiu.GaleevTS.Sprint2.Task3.V28", "Tyuiu.GaleevTS.Sprint2.Task3.V28\Tyuiu.GaleevTS.Sprint2.Task3.V28.csproj", "{B3786E9A-27D1-419C-BB70-C5A9FB9AB608}"
EndProject
Project("{FAE04EC0-301F-11D3-BF4B-00C04F79EFBC}") = "Tyuiu.GaleevTS.Sprint2.Task3.V28.Lib", "Tyuiu.GaleevTS.Sprint2.Task3.V28.Lib\Tyuiu.GaleevTS.Sprint2.Task3.V28.Lib.csproj", "{17CCA178-4BD5-438D-B43E-DA559CEF06B0}"
EndProject
Project("{FAE04EC0-301F-11D3-BF4B-00C04F79EFBC}") = "Tyuiu.GaleevTS.Sprint2.Task3.V28.Test", "Tyuiu.GaleevTS.Sprint2.Task3.V28.Test\Tyuiu.GaleevTS.Sprint2.Task3.V28.Test.csproj", "{ABBBD21B-0174-42FD-A98A-8F5DC34ECF4D}"
EndProject
Project("{2150E333-8FDC-42A3-9474-1A3956D46DE8}") = "Task4", "Task4", "{5F58C7E3-59A4-4342-8A2B-2E3712B54571}"
EndProject
Project("{FAE04EC0-301F-11D3-BF4B-00C04F79EFBC}") = "Tyuiu.GaleevTS.Sprint2.Task4.V9", "Tyuiu.GaleevTS.Sprint2.Task4.V9\Tyuiu.GaleevTS.Sprint2.Task4.V9.csproj", "{1C4E1E0A-F982-4101-B369-083FCAA9F280}"
EndProject
Project("{FAE04EC0-301F-11D3-BF4B-00C04F79EFBC}") = "Tyuiu.GaleevTS.Sprint2.Task4.V9.Lib", "Tyuiu.GaleevTS.Sprint2.Task4.V9.Lib\Tyuiu.GaleevTS.Sprint2.Task4.V9.Lib.csproj", "{B43CEC5B-BE32-4279-A140-D535E18E5953}"
EndProject
Project("{FAE04EC0-301F-11D3-BF4B-00C04F79EFBC}") = "Tyuiu.GaleevTS.Sprint2.Task4.V9.Test", "Tyuiu.GaleevTS.Sprint2.Task4.V9.Test\Tyuiu.GaleevTS.Sprint2.Task4.V9.Test.csproj", "{F7008794-D9E5-4DFB-A2AC-32B2CD45BA26}"
EndProject
Project("{2150E333-8FDC-42A3-9474-1A3956D46DE8}") = "Task5", "Task5", "{8F9C9046-10CF-46A4-B9E8-E40C8D2E99FB}"
EndProject
Project("{FAE04EC0-301F-11D3-BF4B-00C04F79EFBC}") = "Tyuiu.GaleevTS.Sprint2.Task5.V5", "Tyuiu.GaleevTS.Sprint2.Task5.V5\Tyuiu.GaleevTS.Sprint2.Task5.V5.csproj", "{38217145-8A51-450C-A6C7-BEF1479CE28A}"
EndProject
Project("{FAE04EC0-301F-11D3-BF4B-00C04F79EFBC}") = "Tyuiu.GaleevTS.Sprint2.Task5.V5.Lib", "Tyuiu.GaleevTS.Sprint2.Task5.V5.Lib\Tyuiu.GaleevTS.Sprint2.Task5.V5.Lib.csproj", "{B3F87377-97F7-45EC-8721-BC2AB52C6E02}"
EndProject
Project("{FAE04EC0-301F-11D3-BF4B-00C04F79EFBC}") = "Tyuiu.GaleevTS.Sprint2.Task5.V5.Test", "Tyuiu.GaleevTS.Sprint2.Task5.V5.Test\Tyuiu.GaleevTS.Sprint2.Task5.V5.Test.csproj", "{B03B5FBC-2AD6-4762-B308-0408CEECC774}"
EndProject
Global
	GlobalSection(SolutionConfigurationPlatforms) = preSolution
		Debug|Any CPU = Debug|Any CPU
		Release|Any CPU = Release|Any CPU
	EndGlobalSection
	GlobalSection(ProjectConfigurationPlatforms) = postSolution
		{DFF12BA5-59B3-45BB-9952-BE66E96C1F3E}.Debug|Any CPU.ActiveCfg = Debug|Any CPU
		{DFF12BA5-59B3-45BB-9952-BE66E96C1F3E}.Debug|Any CPU.Build.0 = Debug|Any CPU
		{DFF12BA5-59B3-45BB-9952-BE66E96C1F3E}.Release|Any CPU.ActiveCfg = Release|Any CPU
		{DFF12BA5-59B3-45BB-9952-BE66E96C1F3E}.Release|Any CPU.Build.0 = Release|Any CPU
		{34BA3B6D-4685-4BAB-8538-6020041F679E}.Debug|Any CPU.ActiveCfg = Debug|Any CPU
		{34BA3B6D-4685-4BAB-8538-6020041F679E}.Debug|Any CPU.Build.0 = Debug|Any CPU
		{34BA3B6D-4685-4BAB-8538-6020041F679E}.Release|Any CPU.ActiveCfg = Release|Any CPU
		{34BA3B6D-4685-4BAB-8538-6020041F679E}.Release|Any CPU.Build.0 = Release|Any CPU
		{7A5D670C-BC42-43AA-8CD1-BF1251E5DF67}.Debug|Any CPU.ActiveCfg = Debug|Any CPU
		{7A5D670C-BC42-43AA-8CD1-BF1251E5DF67}.Debug|Any CPU.Build.0 = Debug|Any CPU
		{7A5D670C-BC42-43AA-8CD1-BF1251E5DF67}.Release|Any CPU.ActiveCfg = Release|Any CPU
		{7A5D670C-BC42-43AA-8CD1-BF1251E5DF67}.Release|Any CPU.Build.0 = Release|Any CPU
		{16B03031-F241-4FC3-8308-41744E62739B}.Debug|Any CPU.ActiveCfg = Debug|Any CPU
		{16B03031-F241-4FC3-8308-41744E62739B}.Debug|Any CPU.Build.0 = Debug|Any CPU
		{16B03031-F241-4FC3-8308-41744E62739B}.Release|Any CPU.ActiveCfg = Release|Any CPU
		{16B03031-F241-4FC3-8308-41744E62739B}.Release|Any CPU.Build.0 = Release|Any CPU
		{F15A6179-EE96-40C8-BF0C-2DD96F1795EF}.Debug|Any CPU.ActiveCfg = Debug|Any CPU
		{F15A6179-EE96-40C8-BF0C-2DD96F1795EF}.Debug|Any CPU.Build.0 = Debug|Any CPU
		{F15A6179-EE96-40C8-BF0C-2DD96F1795EF}.Release|Any CPU.ActiveCfg = Release|Any CPU
		{F15A6179-EE96-40C8-BF0C-2DD96F1795EF}.Release|Any CPU.Build.0 = Release|Any CPU
		{E9BF9697-BD2A-4F4A-BC49-FD6AB72E05A2}.Debug|Any CPU.ActiveCfg = Debug|Any CPU
		{E9BF9697-BD2A-4F4A-BC49-FD6AB72E05A2}.Debug|Any CPU.Build.0 = Debug|Any CPU
		{E9BF9697-BD2A-4F4A-BC49-FD6AB72E05A2}.Release|Any CPU.ActiveCfg = Release|Any CPU
		{E9BF9697-BD2A-4F4A-BC49-FD6AB72E05A2}.Release|Any CPU.Build.0 = Release|Any CPU
		{0B8A996F-3CB5-446B-8A50-A0472E518EE6}.Debug|Any CPU.ActiveCfg = Debug|Any CPU
		{0B8A996F-3CB5-446B-8A50-A0472E518EE6}.Debug|Any CPU.Build.0 = Debug|Any CPU
		{0B8A996F-3CB5-446B-8A50-A0472E518EE6}.Release|Any CPU.ActiveCfg = Release|Any CPU
		{0B8A996F-3CB5-446B-8A50-A0472E518EE6}.Release|Any CPU.Build.0 = Release|Any CPU
		{D4851950-12C3-4FB0-B0A2-413B092CAD17}.Debug|Any CPU.ActiveCfg = Debug|Any CPU
		{D4851950-12C3-4FB0-B0A2-413B092CAD17}.Debug|Any CPU.Build.0 = Debug|Any CPU
		{D4851950-12C3-4FB0-B0A2-413B092CAD17}.Release|Any CPU.ActiveCfg = Release|Any CPU
		{D4851950-12C3-4FB0-B0A2-413B092CAD17}.Release|Any CPU.Build.0 = Release|Any CPU
		{0C846BA6-1734-47E3-B201-78D30D46CDFB}.Debug|Any CPU.ActiveCfg = Debug|Any CPU
		{0C846BA6-1734-47E3-B201-78D30D46CDFB}.Debug|Any CPU.Build.0 = Debug|Any CPU
		{0C846BA6-1734-47E3-B201-78D30D46CDFB}.Release|Any CPU.ActiveCfg = Release|Any CPU
		{0C846BA6-1734-47E3-B201-78D30D46CDFB}.Release|Any CPU.Build.0 = Release|Any CPU
		{B3786E9A-27D1-419C-BB70-C5A9FB9AB608}.Debug|Any CPU.ActiveCfg = Debug|Any CPU
		{B3786E9A-27D1-419C-BB70-C5A9FB9AB608}.Debug|Any CPU.Build.0 = Debug|Any CPU
		{B3786E9A-27D1-419C-BB70-C5A9FB9AB608}.Release|Any CPU.ActiveCfg = Release|Any CPU
		{B3786E9A-27D1-419C-BB70-C5A9FB9AB608}.Release|Any CPU.Build.0 = Release|Any CPU
		{17CCA178-4BD5-438D-B43E-DA559CEF06B0}.Debug|Any CPU.ActiveCfg = Debug|Any CPU
		{17CCA178-4BD5-438D-B43E-DA559CEF06B0}.Debug|Any CPU.Build.0 = Debug|Any CPU
		{17CCA178-4BD5-438D-B43E-DA559CEF06B0}.Release|Any CPU.ActiveCfg = Release|Any CPU
		{17CCA178-4BD5-438D-B43E-DA559CEF06B0}.Release|Any CPU.Build.0 = Release|Any CPU
		{ABBBD21B-0174-42FD-A98A-8F5DC34ECF4D}.Debug|Any CPU.ActiveCfg = Debug|Any CPU
		{ABBBD21B-0174-42FD-A98A-8F5DC34ECF4D}.Debug|Any CPU.Build.0 = Debug|Any CPU
		{ABBBD21B-0174-42FD-A98A-8F5DC34ECF4D}.Release|Any CPU.ActiveCfg = Release|Any CPU
		{ABBBD21B-0174-42FD-A98A-8F5DC34ECF4D}.Release|Any CPU.Build.0 = Release|Any CPU
		{1C4E1E0A-F982-4101-B369-083FCAA9F280}.Debug|Any CPU.ActiveCfg = Debug|Any CPU
		{1C4E1E0A-F982-4101-B369-083FCAA9F280}.Debug|Any CPU.Build.0 = Debug|Any CPU
		{1C4E1E0A-F982-4101-B369-083FCAA9F280}.Release|Any CPU.ActiveCfg = Release|Any CPU
		{1C4E1E0A-F982-4101-B369-083FCAA9F280}.Release|Any CPU.Build.0 = Release|Any CPU
		{B43CEC5B-BE32-4279-A140-D535E18E5953}.Debug|Any CPU.ActiveCfg = Debug|Any CPU
		{B43CEC5B-BE32-4279-A140-D535E18E5953}.Debug|Any CPU.Build.0 = Debug|Any CPU
		{B43CEC5B-BE32-4279-A140-D535E18E5953}.Release|Any CPU.ActiveCfg = Release|Any CPU
		{B43CEC5B-BE32-4279-A140-D535E18E5953}.Release|Any CPU.Build.0 = Release|Any CPU
		{F7008794-D9E5-4DFB-A2AC-32B2CD45BA26}.Debug|Any CPU.ActiveCfg = Debug|Any CPU
		{F7008794-D9E5-4DFB-A2AC-32B2CD45BA26}.Debug|Any CPU.Build.0 = Debug|Any CPU
		{F7008794-D9E5-4DFB-A2AC-32B2CD45BA26}.Release|Any CPU.ActiveCfg = Release|Any CPU
		{F7008794-D9E5-4DFB-A2AC-32B2CD45BA26}.Release|Any CPU.Build.0 = Release|Any CPU
		{38217145-8A51-450C-A6C7-BEF1479CE28A}.Debug|Any CPU.ActiveCfg = Debug|Any CPU
		{38217145-8A51-450C-A6C7-BEF1479CE28A}.Debug|Any CPU.Build.0 = Debug|Any CPU
		{38217145-8A51-450C-A6C7-BEF1479CE28A}.Release|Any CPU.ActiveCfg = Release|Any CPU
		{38217145-8A51-450C-A6C7-BEF1479CE28A}.Release|Any CPU.Build.0 = Release|Any CPU
		{B3F87377-97F7-45EC-8721-BC2AB52C6E02}.Debug|Any CPU.ActiveCfg = Debug|Any CPU
		{B3F87377-97F7-45EC-8721-BC2AB52C6E02}.Debug|Any CPU.Build.0 = Debug|Any CPU
		{B3F87377-97F7-45EC-8721-BC2AB52C6E02}.Release|Any CPU.ActiveCfg = Release|Any CPU
		{B3F87377-97F7-45EC-8721-BC2AB52C6E02}.Release|Any CPU.Build.0 = Release|Any CPU
		{B03B5FBC-2AD6-4762-B308-0408CEECC774}.Debug|Any CPU.ActiveCfg = Debug|Any CPU
		{B03B5FBC-2AD6-4762-B308-0408CEECC774}.Debug|Any CPU.Build.0 = Debug|Any CPU
		{B03B5FBC-2AD6-4762-B308-0408CEECC774}.Release|Any CPU.ActiveCfg = Release|Any CPU
		{B03B5FBC-2AD6-4762-B308-0408CEECC774}.Release|Any CPU.Build.0 = Release|Any CPU
	EndGlobalSection
	GlobalSection(SolutionProperties) = preSolution
		HideSolutionNode = FALSE
	EndGlobalSection
	GlobalSection(NestedProjects) = preSolution
		{DFF12BA5-59B3-45BB-9952-BE66E96C1F3E} = {683452DA-638B-4F30-A48D-301701782B7C}
		{34BA3B6D-4685-4BAB-8538-6020041F679E} = {683452DA-638B-4F30-A48D-301701782B7C}
		{7A5D670C-BC42-43AA-8CD1-BF1251E5DF67} = {683452DA-638B-4F30-A48D-301701782B7C}
		{16B03031-F241-4FC3-8308-41744E62739B} = {7758D0FC-AF03-487E-B170-5BEA03408740}
		{F15A6179-EE96-40C8-BF0C-2DD96F1795EF} = {7758D0FC-AF03-487E-B170-5BEA03408740}
		{E9BF9697-BD2A-4F4A-BC49-FD6AB72E05A2} = {7758D0FC-AF03-487E-B170-5BEA03408740}
		{0B8A996F-3CB5-446B-8A50-A0472E518EE6} = {F7E8533D-1B15-4844-A933-80D76C22512C}
		{D4851950-12C3-4FB0-B0A2-413B092CAD17} = {F7E8533D-1B15-4844-A933-80D76C22512C}
		{0C846BA6-1734-47E3-B201-78D30D46CDFB} = {F7E8533D-1B15-4844-A933-80D76C22512C}
		{B3786E9A-27D1-419C-BB70-C5A9FB9AB608} = {3C7F695D-CE65-4FA0-9EB8-20BE3C74B821}
		{17CCA178-4BD5-438D-B43E-DA559CEF06B0} = {3C7F695D-CE65-4FA0-9EB8-20BE3C74B821}
		{ABBBD21B-0174-42FD-A98A-8F5DC34ECF4D} = {3C7F695D-CE65-4FA0-9EB8-20BE3C74B821}
		{1C4E1E0A-F982-4101-B369-083FCAA9F280} = {5F58C7E3-59A4-4342-8A2B-2E3712B54571}
		{B43CEC5B-BE32-4279-A140-D535E18E5953} = {5F58C7E3-59A4-4342-8A2B-2E3712B54571}
		{F7008794-D9E5-4DFB-A2AC-32B2CD45BA26} = {5F58C7E3-59A4-4342-8A2B-2E3712B54571}
		{38217145-8A51-450C-A6C7-BEF1479CE28A} = {8F9C9046-10CF-46A4-B9E8-E40C8D2E99FB}
		{B3F87377-97F7-45EC-8721-BC2AB52C6E02} = {8F9C9046-10CF-46A4-B9E8-E40C8D2E99FB}
		{B03B5FBC-2AD6-4762-B308-0408CEECC774} = {8F9C9046-10CF-46A4-B9E8-E40C8D2E99FB}
	EndGlobalSection
	GlobalSection(ExtensibilityGlobals) = postSolution
		SolutionGuid = {CD0C45B3-4191-4306-8F31-657E942E0B41}
	EndGlobalSection
EndGlobal
